
Microsoft Visual Studio Solution File, Format Version 12.00
# Visual Studio Version 17
VisualStudioVersion = 17.5.002.0
MinimumVisualStudioVersion = 10.0.40219.1
Project("{9A19103F-16F7-4668-BE54-9A1E7A4F7556}") = "TaskTrecker", "TaskTrecker.csproj", "{4BCBDEBB-2D28-4F5A-9A8C-A14FA89E760B}"
EndProject
Global
	GlobalSection(SolutionConfigurationPlatforms) = preSolution
		Debug|Any CPU = Debug|Any CPU
		Release|Any CPU = Release|Any CPU
	EndGlobalSection
	GlobalSection(ProjectConfigurationPlatforms) = postSolution
		{4BCBDEBB-2D28-4F5A-9A8C-A14FA89E760B}.Debug|Any CPU.ActiveCfg = Debug|Any CPU
		{4BCBDEBB-2D28-4F5A-9A8C-A14FA89E760B}.Debug|Any CPU.Build.0 = Debug|Any CPU
		{4BCBDEBB-2D28-4F5A-9A8C-A14FA89E760B}.Release|Any CPU.ActiveCfg = Release|Any CPU
		{4BCBDEBB-2D28-4F5A-9A8C-A14FA89E760B}.Release|Any CPU.Build.0 = Release|Any CPU
	EndGlobalSection
	GlobalSection(SolutionProperties) = preSolution
		HideSolutionNode = FALSE
	EndGlobalSection
	GlobalSection(ExtensibilityGlobals) = postSolution
		SolutionGuid = {F4EAE641-C543-44B0-B95A-37B0037EF65A}
	EndGlobalSection
EndGlobal
